# This file is automatically @generated by Poetry 2.1.1 and should not be changed by hand.

[[package]]
name = "arguably"
version = "1.3.0"
description = "The best Python CLI library, arguably."
optional = false
python-versions = "<4.0,>=3.9"
groups = ["main"]
files = [
    {file = "arguably-1.3.0-py3-none-any.whl", hash = "sha256:c6ca4f9ed053d159d3882196daec4f562dc1912d1370a8bdf3ee977b57ca9b6c"},
    {file = "arguably-1.3.0.tar.gz", hash = "sha256:9261e49d0281600e9eac3fb2e31d2022dc0d002b6370461d787b20690eb2a98d"},
]

[package.dependencies]
docstring-parser = ">=0.16,<0.17"

[[package]]
name = "docstring-parser"
version = "0.16"
description = "Parse Python docstrings in reST, Google and Numpydoc format"
optional = false
python-versions = ">=3.6,<4.0"
groups = ["main"]
files = [
    {file = "docstring_parser-0.16-py3-none-any.whl", hash = "sha256:bf0a1387354d3691d102edef7ec124f219ef639982d096e26e3b60aeffa90637"},
    {file = "docstring_parser-0.16.tar.gz", hash = "sha256:538beabd0af1e2db0146b6bd3caa526c35a34d61af9fd2887f3a8a27a739aa6e"},
]

[metadata]
lock-version = "2.1"
python-versions = ">=3.9,<4.0"
content-hash = "6c7f1179ad7575e0c6cb1caefdc4949ac50363498b2573da5f053cfc70cab826"
